Microsoft Visual Studio Solution File, Format Version 11.00
# Visual Studio 2008

Project("{9BDCEE28-DDB1-D1CC-BD40-87EC6E1EE6A4}") = "Grow Shit Prototype", "Assembly-CSharp-firstpass.csproj", "{EE3259BB-2919-F57F-F7C5-10966CDE1BE6}"
EndProject
Project("{9BDCEE28-DDB1-D1CC-BD40-87EC6E1EE6A4}") = "Grow Shit Prototype", "Assembly-CSharp.csproj", "{C56910E2-7131-A591-49A7-AC928B6BF7E7}"
EndProject
Project("{9BDCEE28-DDB1-D1CC-BD40-87EC6E1EE6A4}") = "Grow Shit Prototype", "Assembly-UnityScript-firstpass.unityproj", "{795C5FD4-6E30-D699-89EF-FAFAC156C2FC}"
EndProject
Global
	GlobalSection(SolutionConfigurationPlatforms) = preSolution
		Debug|Any CPU = Debug|Any CPU
		Release|Any CPU = Release|Any CPU
	EndGlobalSection
	GlobalSection(ProjectConfigurationPlatforms) = postSolution
		{EE3259BB-2919-F57F-F7C5-10966CDE1BE6}.Debug|Any CPU.ActiveCfg = Debug|Any CPU
		{EE3259BB-2919-F57F-F7C5-10966CDE1BE6}.Debug|Any CPU.Build.0 = Debug|Any CPU
		{EE3259BB-2919-F57F-F7C5-10966CDE1BE6}.Release|Any CPU.ActiveCfg = Release|Any CPU
		{EE3259BB-2919-F57F-F7C5-10966CDE1BE6}.Release|Any CPU.Build.0 = Release|Any CPU
		{C56910E2-7131-A591-49A7-AC928B6BF7E7}.Debug|Any CPU.ActiveCfg = Debug|Any CPU
		{C56910E2-7131-A591-49A7-AC928B6BF7E7}.Debug|Any CPU.Build.0 = Debug|Any CPU
		{C56910E2-7131-A591-49A7-AC928B6BF7E7}.Release|Any CPU.ActiveCfg = Release|Any CPU
		{C56910E2-7131-A591-49A7-AC928B6BF7E7}.Release|Any CPU.Build.0 = Release|Any CPU
		{795C5FD4-6E30-D699-89EF-FAFAC156C2FC}.Debug|Any CPU.ActiveCfg = Debug|Any CPU
		{795C5FD4-6E30-D699-89EF-FAFAC156C2FC}.Debug|Any CPU.Build.0 = Debug|Any CPU
		{795C5FD4-6E30-D699-89EF-FAFAC156C2FC}.Release|Any CPU.ActiveCfg = Release|Any CPU
		{795C5FD4-6E30-D699-89EF-FAFAC156C2FC}.Release|Any CPU.Build.0 = Release|Any CPU
	EndGlobalSection
	GlobalSection(SolutionProperties) = preSolution
		HideSolutionNode = FALSE
	EndGlobalSection
															GlobalSection(MonoDevelopProperties) = preSolution
		StartupItem = Assembly-CSharp.csproj
		Policies = $0
		$0.TextStylePolicy = $1
		$1.inheritsSet = null
		$1.scope = text/x-csharp
		$0.CSharpFormattingPolicy = $2
		$2.inheritsSet = Mono
		$2.inheritsScope = text/x-csharp
		$2.scope = text/x-csharp
		$0.TextStylePolicy = $3
		$3.FileWidth = 120
		$3.TabWidth = 4
		$3.EolMarker = Unix
		$3.inheritsSet = Mono
		$3.inheritsScope = text/plain
		$3.scope = text/plain
	EndGlobalSection

EndGlobal
